{
    "_meta": {
        "hash": {
            "sha256": "750fbee9daba77ef481a55de880b5cf1b15461330ca36170a78e387b56ed4cb9"
        },
        "pipfile-spec": 6,
        "requires": {},
        "sources": [
            {
                "name": "pypi",
                "url": "https://pypi.org/simple",
                "verify_ssl": true
            }
        ]
    },
    "default": {
        "certifi": {
            "hashes": [
                "sha256:84c85a9078b11105f04f3036a9482ae10e4621616db313fe045dd24743a0820d",
                "sha256:fe86415d55e84719d75f8b69414f6438ac3547d2078ab91b67e779ef69378412"
            ],
            "markers": "python_version >= '3.6'",
            "version": "==2022.6.15"
        },
        "chardet": {
            "hashes": [
                "sha256:0d6f53a15db4120f2b08c94f11e7d93d2c911ee118b6b30a04ec3ee8310179fa",
                "sha256:f864054d66fd9118f2e67044ac8981a54775ec5b67aed0441892edb553d21da5"
            ],
            "markers": "python_version >= '2.7' and python_version not in '3.0, 3.1, 3.2, 3.3, 3.4'",
            "version": "==4.0.0"
        },
        "cypari": {
            "hashes": [
                "sha256:07a404c6465f840ad31fe0fd2d573b957b7664beb901fb523a48f4ff2bb472f5",
                "sha256:0e246401a8afd9971980772ff3e19206e88a5a9171d13bd99876e40bf35d593b",
                "sha256:0f5efb76b6ed2ffffa8b76370264f2dd240d28bc1ab5dc76c58106f5211ae4d5",
                "sha256:2084d38fffab22fa6f8ec0255b83658eee74c7e5406ddef681e96162a24c39e8",
                "sha256:26dd6838ac4be9c4efbb5930dfaa35996b38d194a4413f719a2c241dbec625fb",
                "sha256:28b2173fec753b9b9817aea17e2af95133207c58cbf0b879056db773fb2f8a58",
                "sha256:290eba734a8dd4ae6537e7a33098cffd83bf203e272d5116c9be9ab3113321e5",
                "sha256:2cdb5fc838a42fa3be73b33103cc3f2b4513358efee65dfc00718515cf04f744",
                "sha256:315dfbe0fea3c671de1cad4f86b4dc31a39cc5d5ae9dad5f5c78eda5dce8c8ef",
                "sha256:3b0668ad4f98f2978803868d91bb7cbdb90a3d063665a0ef7147e7bf2b84f36d",
                "sha256:3e2fc7cbfee04b86203fe6b9f7a07dab5b7f84ac9e2a85775007cff7a7865550",
                "sha256:530e82aafe4ec2c4957f6055f74f68812b7a8c9b77f318f4d5f9b6e1995bcfda",
                "sha256:5318a98ba469bfeec384d789df2d5b6f693d97438321fd3d2f35d63b11d0905b",
                "sha256:57452ae1737fdad15d7e5bc6df92847a4ea2a4a5c75be0a2c8da3d7f0dddba19",
                "sha256:746f51ded4fce2a69db0d38b04c76b558bd0adc5e6fb287a00f22ba45554e948",
                "sha256:80bd6c0c4199ea9535698837affcefb639a30ad2b3eb728fa71bee44a382fbdb",
                "sha256:82961391e8f63cdc87976c16fc464840f3226f15f73e3a165575f2e0bdc71b6e",
                "sha256:87ab4498013db9a76e1715523385d8726ab99a27fa1ae277adeb3bd009d54fa8",
                "sha256:88639d32e4c9413575c6ed3d93f9a8ec082ddca58e5c156edb0a41cfe182e811",
                "sha256:90825edeb65281cc3edc0a8e510efc074684056e3ee7e0ea04d7474621498a74",
                "sha256:995c2f8f506cb3542a1ea45a4b77c24b21bd4ea0adae31d0c318d80fee46da5b",
                "sha256:9f6f6f6903cde8071e8749ea31ba77a282c43b98de53ab82e923160593463b8f",
                "sha256:a270810f672517c24157a473b59df719a1045e12b60179f7c65c9d66cf3b6aea",
                "sha256:af1fc470c1e5e93ea055478376b8dd592646c43332019e877c80d41f34493221",
                "sha256:b02e00bde72197cb9f85bdca74c6963b35a0e9be269ab02b2f3549a0178978b8",
                "sha256:bf30a3fe63ca5760b1c71542b8ee80bdb4b830d86e38c5662cb3b9b087399532",
                "sha256:cedf91333ada01dd65535dc570c7e30592b64d1ab3cad363922366e3c9c25c50",
                "sha256:d56dde08967f54304a1aadafd3827ca1a629aa374e5760c50190134e49a1b8f7",
                "sha256:de3a07be89ec25af91dc9fe35685646e2d9ea54434bd6a7f26fe3ea4a68610ae",
                "sha256:e1db50482a98b0b424597ccb48ff30f1dcdb3a848d7bbd986c4a129837f6d690",
                "sha256:eca7e7739743ef55647093ed3e9dc3f437fe1f83fa8fce08dde8d9dd4f928e9a",
                "sha256:feeac5324bf3d2785b3a485d0f0b62e0ac85490883227c75af708ce1ceeb21d8"
            ],
            "index": "pypi",
            "version": "==2.4.1"
        },
        "eulerlib": {
            "hashes": [
                "sha256:f34771537c92d4c82ae67f34ea9dff9bd7489ecf009d50c3dc4e4459aeefe9af"
            ],
            "index": "pypi",
            "version": "==0.2"
        },
        "idna": {
            "hashes": [
                "sha256:b307872f855b18632ce0c21c5e45be78c0ea7ae4c15c828c20788b26921eb3f6",
                "sha256:b97d804b1e9b523befed77c48dacec60e6dcb0b5391d57af6a65a312a90648c0"
            ],
            "markers": "python_version >= '2.7' and python_version not in '3.0, 3.1, 3.2, 3.3'",
            "version": "==2.10"
        },
        "lxml": {
            "hashes": [
                "sha256:079f3ae844f38982d156efce585bc540c16a926d4436712cf4baee0cce487a3d",
                "sha256:0fbcf5565ac01dff87cbfc0ff323515c823081c5777a9fc7703ff58388c258c3",
                "sha256:122fba10466c7bd4178b07dba427aa516286b846b2cbd6f6169141917283aae2",
                "sha256:1b38116b6e628118dea5b2186ee6820ab138dbb1e24a13e478490c7db2f326ae",
                "sha256:1b7584d421d254ab86d4f0b13ec662a9014397678a7c4265a02a6d7c2b18a75f",
                "sha256:26e761ab5b07adf5f555ee82fb4bfc35bf93750499c6c7614bd64d12aaa67927",
                "sha256:289e9ca1a9287f08daaf796d96e06cb2bc2958891d7911ac7cae1c5f9e1e0ee3",
                "sha256:2a9d50e69aac3ebee695424f7dbd7b8c6d6eb7de2a2eb6b0f6c7db6aa41e02b7",
                "sha256:3082c518be8e97324390614dacd041bb1358c882d77108ca1957ba47738d9d59",
                "sha256:33bb934a044cf32157c12bfcfbb6649807da20aa92c062ef51903415c704704f",
                "sha256:3439c71103ef0e904ea0a1901611863e51f50b5cd5e8654a151740fde5e1cade",
                "sha256:36108c73739985979bf302006527cf8a20515ce444ba916281d1c43938b8bb96",
                "sha256:39b78571b3b30645ac77b95f7c69d1bffc4cf8c3b157c435a34da72e78c82468",
                "sha256:4289728b5e2000a4ad4ab8da6e1db2e093c63c08bdc0414799ee776a3f78da4b",
                "sha256:4bff24dfeea62f2e56f5bab929b4428ae6caba2d1eea0c2d6eb618e30a71e6d4",
                "sha256:4c61b3a0db43a1607d6264166b230438f85bfed02e8cff20c22e564d0faff354",
                "sha256:542d454665a3e277f76954418124d67516c5f88e51a900365ed54a9806122b83",
                "sha256:5a0a14e264069c03e46f926be0d8919f4105c1623d620e7ec0e612a2e9bf1c04",
                "sha256:5c8c163396cc0df3fd151b927e74f6e4acd67160d6c33304e805b84293351d16",
                "sha256:64812391546a18896adaa86c77c59a4998f33c24788cadc35789e55b727a37f4",
                "sha256:66e575c62792c3f9ca47cb8b6fab9e35bab91360c783d1606f758761810c9791",
                "sha256:6f12e1427285008fd32a6025e38e977d44d6382cf28e7201ed10d6c1698d2a9a",
                "sha256:74f7d8d439b18fa4c385f3f5dfd11144bb87c1da034a466c5b5577d23a1d9b51",
                "sha256:7610b8c31688f0b1be0ef882889817939490a36d0ee880ea562a4e1399c447a1",
                "sha256:76fa7b1362d19f8fbd3e75fe2fb7c79359b0af8747e6f7141c338f0bee2f871a",
                "sha256:7728e05c35412ba36d3e9795ae8995e3c86958179c9770e65558ec3fdfd3724f",
                "sha256:8157dadbb09a34a6bd95a50690595e1fa0af1a99445e2744110e3dca7831c4ee",
                "sha256:820628b7b3135403540202e60551e741f9b6d3304371712521be939470b454ec",
                "sha256:884ab9b29feaca361f7f88d811b1eea9bfca36cf3da27768d28ad45c3ee6f969",
                "sha256:89b8b22a5ff72d89d48d0e62abb14340d9e99fd637d046c27b8b257a01ffbe28",
                "sha256:92e821e43ad382332eade6812e298dc9701c75fe289f2a2d39c7960b43d1e92a",
                "sha256:b007cbb845b28db4fb8b6a5cdcbf65bacb16a8bd328b53cbc0698688a68e1caa",
                "sha256:bc4313cbeb0e7a416a488d72f9680fffffc645f8a838bd2193809881c67dd106",
                "sha256:bccbfc27563652de7dc9bdc595cb25e90b59c5f8e23e806ed0fd623755b6565d",
                "sha256:c1a40c06fd5ba37ad39caa0b3144eb3772e813b5fb5b084198a985431c2f1e8d",
                "sha256:c47ff7e0a36d4efac9fd692cfa33fbd0636674c102e9e8d9b26e1b93a94e7617",
                "sha256:c4f05c5a7c49d2fb70223d0d5bcfbe474cf928310ac9fa6a7c6dddc831d0b1d4",
                "sha256:cdaf11d2bd275bf391b5308f86731e5194a21af45fbaaaf1d9e8147b9160ea92",
                "sha256:ce256aaa50f6cc9a649c51be3cd4ff142d67295bfc4f490c9134d0f9f6d58ef0",
                "sha256:d2e35d7bf1c1ac8c538f88d26b396e73dd81440d59c1ef8522e1ea77b345ede4",
                "sha256:d916d31fd85b2f78c76400d625076d9124de3e4bda8b016d25a050cc7d603f24",
                "sha256:df7c53783a46febb0e70f6b05df2ba104610f2fb0d27023409734a3ecbb78fb2",
                "sha256:e1cbd3f19a61e27e011e02f9600837b921ac661f0c40560eefb366e4e4fb275e",
                "sha256:efac139c3f0bf4f0939f9375af4b02c5ad83a622de52d6dfa8e438e8e01d0eb0",
                "sha256:efd7a09678fd8b53117f6bae4fa3825e0a22b03ef0a932e070c0bdbb3a35e654",
                "sha256:f2380a6376dfa090227b663f9678150ef27543483055cc327555fb592c5967e2",
                "sha256:f8380c03e45cf09f8557bdaa41e1fa7c81f3ae22828e1db470ab2a6c96d8bc23",
                "sha256:f90ba11136bfdd25cae3951af8da2e95121c9b9b93727b1b896e3fa105b2f586"
            ],
            "index": "pypi",
            "version": "==4.6.3"
        },
        "numpy": {
            "hashes": [
                "sha256:0cfe07133fd00b27edee5e6385e333e9eeb010607e8a46e1cd673f05f8596595",
                "sha256:11a1f3816ea82eed4178102c56281782690ab5993251fdfd75039aad4d20385f",
                "sha256:2762331de395739c91f1abb88041f94a080cb1143aeec791b3b223976228af3f",
                "sha256:283d9de87c0133ef98f93dfc09fad3fb382f2a15580de75c02b5bb36a5a159a5",
                "sha256:3d22662b4b10112c545c91a0741f2436f8ca979ab3d69d03d19322aa970f9695",
                "sha256:41388e32e40b41dd56eb37fcaa7488b2b47b0adf77c66154d6b89622c110dfe9",
                "sha256:42c16cec1c8cf2728f1d539bd55aaa9d6bb48a7de2f41eb944697293ef65a559",
                "sha256:47ee7a839f5885bc0c63a74aabb91f6f40d7d7b639253768c4199b37aede7982",
                "sha256:5a311ee4d983c487a0ab546708edbdd759393a3dc9cd30305170149fedd23c88",
                "sha256:5dc65644f75a4c2970f21394ad8bea1a844104f0fe01f278631be1c7eae27226",
                "sha256:6ed0d073a9c54ac40c41a9c2d53fcc3d4d4ed607670b9e7b0de1ba13b4cbfe6f",
                "sha256:76ba7c40e80f9dc815c5e896330700fd6e20814e69da9c1267d65a4d051080f1",
                "sha256:818b9be7900e8dc23e013a92779135623476f44a0de58b40c32a15368c01d471",
                "sha256:a024181d7aef0004d76fb3bce2a4c9f2e67a609a9e2a6ff2571d30e9976aa383",
                "sha256:a955e4128ac36797aaffd49ab44ec74a71c11d6938df83b1285492d277db5397",
                "sha256:a97a954a8c2f046d3817c2bce16e3c7e9a9c2afffaf0400f5c16df5172a67c9c",
                "sha256:a97e82c39d9856fe7d4f9b86d8a1e66eff99cf3a8b7ba48202f659703d27c46f",
                "sha256:b55b953a1bdb465f4dc181758570d321db4ac23005f90ffd2b434cc6609a63dd",
                "sha256:bb02929b0d6bfab4c48a79bd805bd7419114606947ec8284476167415171f55b",
                "sha256:bece0a4a49e60e472a6d1f70ac6cdea00f9ab80ff01132f96bd970cdd8a9e5a9",
                "sha256:e41e8951749c4b5c9a2dc5fdbc1a4eec6ab2a140fdae9b460b0f557eed870f4d",
                "sha256:f71d57cc8645f14816ae249407d309be250ad8de93ef61d9709b45a0ddf4050c"
            ],
            "index": "pypi",
            "version": "==1.22.0"
        },
        "primesieve": {
            "hashes": [
                "sha256:027e08bffcfacd40973707797cc2e81199e3d639b901372c9e1a73737e6ba72f",
                "sha256:0a9c047f357a4b63b4cbb0d62cdab6a5a9e193d0a1e6609dd5c2563649cf6aed",
                "sha256:0bda9aca524b786fc9c1fc4649d9caaa6410f56a15e19c55d214520ab9d16331",
                "sha256:19c9809756d7be5383546d262b8a0a44ea93e6431dc6d27b23bd59a95f9cc2c3",
                "sha256:2296fb4157533b16c83ce0275f25ebf13cbfe2990bce7154e4bddc73b1c6d7db",
                "sha256:30b1b056ed48cd5899e99238f2560a4ae192b11c15d00f60ef6e2f5a3983eb0c",
                "sha256:419e407039c291d13edd16221f5422e745607ee66286fe7884ddaaf087bb5f2b",
                "sha256:432b99a8cda932e975dfc78faa63747f8409734af6ea3e023882692eece3c51d",
                "sha256:4440a34e7b8d08d0eb31724eb2675fdac4045cfd0bcfd3519b623fef83f22642",
                "sha256:651850fc20c551e77bcc45e4617145ccc618ab6cd4b448fa7dcdb39ea720c018",
                "sha256:69ca0b31b56b9b2a4bd6bb381939fa1d05b79399312ca52c816803e199eb3045",
                "sha256:6d066d21b18527d78b72bd411375c9027eaf873f9c2acf0280d8994677fec4d0",
                "sha256:86b32e459bfae3d1de00a00a8883b747849bf3bafc6cb5530d0417dc267bbd87",
                "sha256:948d9d9502cb45077834892c05d7ac2678834efeca0d39f328715591b27ab3d5",
                "sha256:9f8dfc4c37ca32a229d56119770cb8136dbd9fd188c4429bae3097bc1304ffcb",
                "sha256:9fc6b0485e00618ed3a8a86ff2c01453f13810f5927cf64718502d205c2fc54a",
                "sha256:b1f2b96523d33f10dae3a74fd4957cb85d4b0d818b7a44aa77f5d17f9a51c8cc",
                "sha256:b394000dbd4ac76122173d15057595c4b51143dc3e02758a1305f12bee3c4f4f",
                "sha256:b677e264df33ff442e1c53c81cdbfbbb7bd3bdc92d2bb94b5893d861e6912563",
                "sha256:bdf98218dc50b0b900731a0d012946bc9c1b1e60471b2921e664ca93be60a33e",
                "sha256:bf1768d7b50f817006f923695e862027a980d34b2494536b394de31db94ed052",
                "sha256:c2682490caabb710f51421426bdaa486982d5cdf531827be41c1510e319b69a1",
                "sha256:c9953d4f360c8b6cdc570765cf00e4a8c486ee41aeab7e6f8ad556816bebfd17",
                "sha256:ca39229bee22b5e0a903ceee948d39032fb323851e8aebcf9a575c692e3787e9",
                "sha256:d0c4d7c15fce14a8b414e0b720ded9f88a4f06d6af78343009886c9bec6cea7a",
                "sha256:edf7392501591b125fe3f6083b2ecd2fdc6d98a27dcf566172acfa0d206d87d7"
            ],
            "index": "pypi",
            "version": "==2.3.0"
        },
        "requests": {
            "hashes": [
                "sha256:27973dd4a904a4f13b263a19c866c13b92a39ed1c964655f025f3f8d3d75b804",
                "sha256:c210084e36a42ae6b9219e00e48287def368a26d03a048ddad7bfee44f75871e"
            ],
            "index": "pypi",
            "version": "==2.25.1"
        },
        "stdio": {
            "hashes": [
                "sha256:a3b6adc363c1bf1184b85d4882534a78a49f5c9f9dcd9e6d6c1c5a67c4abd3ec"
            ],
            "index": "pypi",
            "version": "==0.10"
        },
        "urllib3": {
            "hashes": [
                "sha256:44ece4d53fb1706f667c9bd1c648f5469a2ec925fcf3a776667042d645472c14",
                "sha256:aabaf16477806a5e1dd19aa41f8c2b7950dd3c746362d7e3223dbe6de6ac448e"
            ],
            "markers": "python_version >= '2.7' and python_version not in '3.0, 3.1, 3.2, 3.3, 3.4' and python_version < '4'",
            "version": "==1.26.9"
        }
    },
    "develop": {}
}
